
Microsoft Visual Studio Solution File, Format Version 12.00
# Visual Studio Version 16
VisualStudioVersion = 25.0.1705.0
MinimumVisualStudioVersion = 10.0.40219.1
Project("{FAE04EC0-301F-11D3-BF4B-00C04F79EFBC}") = "ContactPro.Domain", "ContactPro.Domain.csproj", "{24D1D355-04D3-4D6E-991E-B9D11A84ADB7}"
EndProject
Global
	GlobalSection(SolutionConfigurationPlatforms) = preSolution
		Debug|Any CPU = Debug|Any CPU
		Release|Any CPU = Release|Any CPU
	EndGlobalSection
	GlobalSection(ProjectConfigurationPlatforms) = postSolution
		{24D1D355-04D3-4D6E-991E-B9D11A84ADB7}.Debug|Any CPU.ActiveCfg = Debug|Any CPU
		{24D1D355-04D3-4D6E-991E-B9D11A84ADB7}.Debug|Any CPU.Build.0 = Debug|Any CPU
		{24D1D355-04D3-4D6E-991E-B9D11A84ADB7}.Release|Any CPU.ActiveCfg = Release|Any CPU
		{24D1D355-04D3-4D6E-991E-B9D11A84ADB7}.Release|Any CPU.Build.0 = Release|Any CPU
	EndGlobalSection
	GlobalSection(SolutionProperties) = preSolution
		HideSolutionNode = FALSE
	EndGlobalSection
	GlobalSection(ExtensibilityGlobals) = postSolution
		SolutionGuid = {A2D9B849-720C-4124-BE6F-F37ECB2038B8}
	EndGlobalSection
EndGlobal
